
Microsoft Visual Studio Solution File, Format Version 12.00
# Visual Studio 2013
VisualStudioVersion = 12.0.30501.0
MinimumVisualStudioVersion = 10.0.40219.1
Project("{FAE04EC0-301F-11D3-BF4B-00C04F79EFBC}") = "OsamesMicroOrm", "OsamesMicroOrm\OsamesMicroOrm.csproj", "{20AF5FBB-1F88-47F4-8411-F7D8F56721EF}"
EndProject
Project("{FAE04EC0-301F-11D3-BF4B-00C04F79EFBC}") = "TestOsamesMicroOrm", "TestOsamesMicroOrm\TestOsamesMicroOrm.csproj", "{2D7B7F68-010D-44A4-8E08-80F74FD74CB6}"
EndProject
Global
	GlobalSection(SolutionConfigurationPlatforms) = preSolution
		Debug|Any CPU = Debug|Any CPU
		Release|Any CPU = Release|Any CPU
	EndGlobalSection
	GlobalSection(ProjectConfigurationPlatforms) = postSolution
		{20AF5FBB-1F88-47F4-8411-F7D8F56721EF}.Debug|Any CPU.ActiveCfg = Debug|Any CPU
		{20AF5FBB-1F88-47F4-8411-F7D8F56721EF}.Debug|Any CPU.Build.0 = Debug|Any CPU
		{20AF5FBB-1F88-47F4-8411-F7D8F56721EF}.Release|Any CPU.ActiveCfg = Release|Any CPU
		{20AF5FBB-1F88-47F4-8411-F7D8F56721EF}.Release|Any CPU.Build.0 = Release|Any CPU
		{2D7B7F68-010D-44A4-8E08-80F74FD74CB6}.Debug|Any CPU.ActiveCfg = Debug|Any CPU
		{2D7B7F68-010D-44A4-8E08-80F74FD74CB6}.Debug|Any CPU.Build.0 = Debug|Any CPU
		{2D7B7F68-010D-44A4-8E08-80F74FD74CB6}.Release|Any CPU.ActiveCfg = Release|Any CPU
		{2D7B7F68-010D-44A4-8E08-80F74FD74CB6}.Release|Any CPU.Build.0 = Release|Any CPU
	EndGlobalSection
	GlobalSection(SolutionProperties) = preSolution
		HideSolutionNode = FALSE
	EndGlobalSection
EndGlobal
